
Microsoft Visual Studio Solution File, Format Version 12.00
# Visual Studio Version 17
VisualStudioVersion = 17.5.002.0
MinimumVisualStudioVersion = 10.0.40219.1
Project("{9A19103F-16F7-4668-BE54-9A1E7A4F7556}") = "LearningRabbitMQ", "LearningRabbitMQ.csproj", "{2DF53152-433B-404C-A3DA-ED6BF13A85DF}"
EndProject
Global
	GlobalSection(SolutionConfigurationPlatforms) = preSolution
		Debug|Any CPU = Debug|Any CPU
		Release|Any CPU = Release|Any CPU
	EndGlobalSection
	GlobalSection(ProjectConfigurationPlatforms) = postSolution
		{2DF53152-433B-404C-A3DA-ED6BF13A85DF}.Debug|Any CPU.ActiveCfg = Debug|Any CPU
		{2DF53152-433B-404C-A3DA-ED6BF13A85DF}.Debug|Any CPU.Build.0 = Debug|Any CPU
		{2DF53152-433B-404C-A3DA-ED6BF13A85DF}.Release|Any CPU.ActiveCfg = Release|Any CPU
		{2DF53152-433B-404C-A3DA-ED6BF13A85DF}.Release|Any CPU.Build.0 = Release|Any CPU
	EndGlobalSection
	GlobalSection(SolutionProperties) = preSolution
		HideSolutionNode = FALSE
	EndGlobalSection
	GlobalSection(ExtensibilityGlobals) = postSolution
		SolutionGuid = {EB39BB5B-7F5C-48CC-B089-806F98EB0858}
	EndGlobalSection
EndGlobal
